
Microsoft Visual Studio Solution File, Format Version 12.00
# Visual Studio 14
VisualStudioVersion = 14.0.25420.1
MinimumVisualStudioVersion = 10.0.40219.1
Project("{FAE04EC0-301F-11D3-BF4B-00C04F79EFBC}") = "Client", "Client\Client.csproj", "{60568A8E-FA89-4F90-BF6D-9DDA5F00DADD}"
EndProject
Project("{FAE04EC0-301F-11D3-BF4B-00C04F79EFBC}") = "Server", "Server\Server.csproj", "{549D4C97-DA0C-4C31-92ED-F4CA640C4E46}"
EndProject
Project("{FAE04EC0-301F-11D3-BF4B-00C04F79EFBC}") = "Ortak", "Ortak\Ortak.csproj", "{5481B1E5-1BB0-44A9-98DA-14FC225542F3}"
EndProject
Global
	GlobalSection(SolutionConfigurationPlatforms) = preSolution
		Debug|Any CPU = Debug|Any CPU
		Release|Any CPU = Release|Any CPU
	EndGlobalSection
	GlobalSection(ProjectConfigurationPlatforms) = postSolution
		{60568A8E-FA89-4F90-BF6D-9DDA5F00DADD}.Debug|Any CPU.ActiveCfg = Debug|Any CPU
		{60568A8E-FA89-4F90-BF6D-9DDA5F00DADD}.Debug|Any CPU.Build.0 = Debug|Any CPU
		{60568A8E-FA89-4F90-BF6D-9DDA5F00DADD}.Release|Any CPU.ActiveCfg = Release|Any CPU
		{60568A8E-FA89-4F90-BF6D-9DDA5F00DADD}.Release|Any CPU.Build.0 = Release|Any CPU
		{549D4C97-DA0C-4C31-92ED-F4CA640C4E46}.Debug|Any CPU.ActiveCfg = Debug|Any CPU
		{549D4C97-DA0C-4C31-92ED-F4CA640C4E46}.Debug|Any CPU.Build.0 = Debug|Any CPU
		{549D4C97-DA0C-4C31-92ED-F4CA640C4E46}.Release|Any CPU.ActiveCfg = Release|Any CPU
		{549D4C97-DA0C-4C31-92ED-F4CA640C4E46}.Release|Any CPU.Build.0 = Release|Any CPU
		{5481B1E5-1BB0-44A9-98DA-14FC225542F3}.Debug|Any CPU.ActiveCfg = Debug|Any CPU
		{5481B1E5-1BB0-44A9-98DA-14FC225542F3}.Debug|Any CPU.Build.0 = Debug|Any CPU
		{5481B1E5-1BB0-44A9-98DA-14FC225542F3}.Release|Any CPU.ActiveCfg = Release|Any CPU
		{5481B1E5-1BB0-44A9-98DA-14FC225542F3}.Release|Any CPU.Build.0 = Release|Any CPU
	EndGlobalSection
	GlobalSection(SolutionProperties) = preSolution
		HideSolutionNode = FALSE
	EndGlobalSection
EndGlobal
